
Microsoft Visual Studio Solution File, Format Version 12.00
# Visual Studio Version 16
VisualStudioVersion = 16.0.32002.261
MinimumVisualStudioVersion = 10.0.40219.1
Project("{FAE04EC0-301F-11D3-BF4B-00C04F79EFBC}") = "BruteForceApp", "BruteForceApp\BruteForceApp.csproj", "{8CA4F758-B35B-433B-96FD-9EC50079BA89}"
EndProject
Global
	GlobalSection(SolutionConfigurationPlatforms) = preSolution
		Debug|Any CPU = Debug|Any CPU
		Release|Any CPU = Release|Any CPU
	EndGlobalSection
	GlobalSection(ProjectConfigurationPlatforms) = postSolution
		{8CA4F758-B35B-433B-96FD-9EC50079BA89}.Debug|Any CPU.ActiveCfg = Debug|Any CPU
		{8CA4F758-B35B-433B-96FD-9EC50079BA89}.Debug|Any CPU.Build.0 = Debug|Any CPU
		{8CA4F758-B35B-433B-96FD-9EC50079BA89}.Release|Any CPU.ActiveCfg = Release|Any CPU
		{8CA4F758-B35B-433B-96FD-9EC50079BA89}.Release|Any CPU.Build.0 = Release|Any CPU
	EndGlobalSection
	GlobalSection(SolutionProperties) = preSolution
		HideSolutionNode = FALSE
	EndGlobalSection
	GlobalSection(ExtensibilityGlobals) = postSolution
		SolutionGuid = {A05CF705-46CB-4CF9-99C9-D1595796FA64}
	EndGlobalSection
EndGlobal
